// !$*UTF8*$!
{
	archiveVersion = 1;
	classes = {
	};
	objectVersion = 46;
	objects = {

/* Begin PBXBuildFile section */
		51EB26A1EF21E0E78AE091C6 /* libPods-Ed25519iOSTests.a in Frameworks */ = {isa = PBXBuildFile; fileRef = DB33583610E2845ABE93FDF9 /* libPods-Ed25519iOSTests.a */; };
		A214191D223FF56D00FE28F8 /* Ed25519iOS.framework in Frameworks */ = {isa = PBXBuildFile; fileRef = A22303681FD5700000CA0FE8 /* Ed25519iOS.framework */; };
		A214192A223FF6B100FE28F8 /* Ed25519macOSTests.swift in Sources */ = {isa = PBXBuildFile; fileRef = A2141929223FF6B100FE28F8 /* Ed25519macOSTests.swift */; };
		A214192C223FF6B100FE28F8 /* Ed25519macOS.framework in Frameworks */ = {isa = PBXBuildFile; fileRef = A263768A1ECF280700EDC62D /* Ed25519macOS.framework */; };
		A2141932223FF74000FE28F8 /* input.txt in Resources */ = {isa = PBXBuildFile; fileRef = A2B45C921F91E1CB00249454 /* input.txt */; };
		A2141933223FF78200FE28F8 /* Ed25519macOSTests.swift in Sources */ = {isa = PBXBuildFile; fileRef = A2141929223FF6B100FE28F8 /* Ed25519macOSTests.swift */; };
		A2141934223FF7B200FE28F8 /* input.txt in Resources */ = {isa = PBXBuildFile; fileRef = A2B45C921F91E1CB00249454 /* input.txt */; };
		A22303721FD5701E00CA0FE8 /* ed25519_utility.swift in Sources */ = {isa = PBXBuildFile; fileRef = A2D235F21ECFFD2600BAD20C /* ed25519_utility.swift */; };
		A22303731FD5701E00CA0FE8 /* ed25519_fe.swift in Sources */ = {isa = PBXBuildFile; fileRef = A27AECA21ED083E000A1B09F /* ed25519_fe.swift */; };
		A22303741FD5701E00CA0FE8 /* ed25519_ge.swift in Sources */ = {isa = PBXBuildFile; fileRef = A27AECA51ED084B100A1B09F /* ed25519_ge.swift */; };
		A22303751FD5701E00CA0FE8 /* ed25519_sc.swift in Sources */ = {isa = PBXBuildFile; fileRef = A27AECA81ED094E100A1B09F /* ed25519_sc.swift */; };
		A22303761FD5701E00CA0FE8 /* ed25519_sign.swift in Sources */ = {isa = PBXBuildFile; fileRef = A27AECAB1ED09ECA00A1B09F /* ed25519_sign.swift */; };
		A22303771FD5701E00CA0FE8 /* ed25519_open.swift in Sources */ = {isa = PBXBuildFile; fileRef = A29895CA1F91A06F000D8206 /* ed25519_open.swift */; };
		A241E4FE1F91AB11003C435B /* Ed25519ref.framework in Frameworks */ = {isa = PBXBuildFile; fileRef = A241E4F51F91AB11003C435B /* Ed25519ref.framework */; };
		A241E5031F91AB11003C435B /* Ed25519refTests.swift in Sources */ = {isa = PBXBuildFile; fileRef = A241E5021F91AB11003C435B /* Ed25519refTests.swift */; };
		A241E5051F91AB11003C435B /* Ed25519ref.h in Headers */ = {isa = PBXBuildFile; fileRef = A241E4F71F91AB11003C435B /* Ed25519ref.h */; settings = {ATTRIBUTES = (Public, ); }; };
		A241E50C1F91AB3E003C435B /* BigInt+Extension.swift in Sources */ = {isa = PBXBuildFile; fileRef = A22F451C1EC8625000A0BC64 /* BigInt+Extension.swift */; };
		A241E50E1F91AB3E003C435B /* Ed25519s.swift in Sources */ = {isa = PBXBuildFile; fileRef = A24C41151EC71E2A00B24AAF /* Ed25519s.swift */; };
		A241E50F1F91AB4E003C435B /* BigInt+ExtensionTests.swift in Sources */ = {isa = PBXBuildFile; fileRef = A2BB19481F7696050056EC72 /* BigInt+ExtensionTests.swift */; };
		A241E5101F91AB81003C435B /* ed25519_utility.swift in Sources */ = {isa = PBXBuildFile; fileRef = A2D235F21ECFFD2600BAD20C /* ed25519_utility.swift */; };
		A27AECA41ED083E000A1B09F /* ed25519_fe.swift in Sources */ = {isa = PBXBuildFile; fileRef = A27AECA21ED083E000A1B09F /* ed25519_fe.swift */; };
		A27AECA71ED084B100A1B09F /* ed25519_ge.swift in Sources */ = {isa = PBXBuildFile; fileRef = A27AECA51ED084B100A1B09F /* ed25519_ge.swift */; };
		A27AECAA1ED094E100A1B09F /* ed25519_sc.swift in Sources */ = {isa = PBXBuildFile; fileRef = A27AECA81ED094E100A1B09F /* ed25519_sc.swift */; };
		A27AECAD1ED09ECA00A1B09F /* ed25519_sign.swift in Sources */ = {isa = PBXBuildFile; fileRef = A27AECAB1ED09ECA00A1B09F /* ed25519_sign.swift */; };
		A2896FDD1F918BFD008A2029 /* hash_sha512.h in Headers */ = {isa = PBXBuildFile; fileRef = A2896FDB1F918BFD008A2029 /* hash_sha512.h */; };
		A2896FE11F918D74008A2029 /* verify.h in Headers */ = {isa = PBXBuildFile; fileRef = A2896FDF1F918D74008A2029 /* verify.h */; };
		A294FA051F91B0C000923D2C /* fe25519.c in Sources */ = {isa = PBXBuildFile; fileRef = A2A539EE1F8F777B00E396B5 /* fe25519.c */; };
		A294FA061F91B0C400923D2C /* ge25519.cpp in Sources */ = {isa = PBXBuildFile; fileRef = A2A539F01F8F777B00E396B5 /* ge25519.cpp */; };
		A294FA071F91B0CA00923D2C /* keypair.c in Sources */ = {isa = PBXBuildFile; fileRef = A2A539F41F8F777B00E396B5 /* keypair.c */; };
		A294FA081F91B0D000923D2C /* open.c in Sources */ = {isa = PBXBuildFile; fileRef = A2A539F51F8F777B00E396B5 /* open.c */; };
		A294FA091F91B0D400923D2C /* sc25519.c in Sources */ = {isa = PBXBuildFile; fileRef = A2A539F61F8F777B00E396B5 /* sc25519.c */; };
		A294FA0A1F91B0D800923D2C /* sign.c in Sources */ = {isa = PBXBuildFile; fileRef = A2A539F81F8F777B00E396B5 /* sign.c */; };
		A294FA0B1F91B0DC00923D2C /* hash_sha512.c in Sources */ = {isa = PBXBuildFile; fileRef = A2896FDA1F918BFD008A2029 /* hash_sha512.c */; };
		A294FA0C1F91B0E000923D2C /* verify.c in Sources */ = {isa = PBXBuildFile; fileRef = A2896FDE1F918D74008A2029 /* verify.c */; };
		A294FA0D1F91B18100923D2C /* ref_test.m in Sources */ = {isa = PBXBuildFile; fileRef = A2A559951F8F9E6000E396B5 /* ref_test.m */; };
		A294FA0E1F91B21E00923D2C /* open.h in Headers */ = {isa = PBXBuildFile; fileRef = A2896FE21F91914F008A2029 /* open.h */; settings = {ATTRIBUTES = (Public, ); }; };
		A294FA0F1F91B22800923D2C /* sign.h in Headers */ = {isa = PBXBuildFile; fileRef = A2A559921F8F881800E396B5 /* sign.h */; settings = {ATTRIBUTES = (Public, ); }; };
		A294FA101F91B29C00923D2C /* fe25519.h in Headers */ = {isa = PBXBuildFile; fileRef = A2A539EF1F8F777B00E396B5 /* fe25519.h */; settings = {ATTRIBUTES = (Public, ); }; };
		A294FA111F91B2A300923D2C /* sc25519.h in Headers */ = {isa = PBXBuildFile; fileRef = A2A539F71F8F777B00E396B5 /* sc25519.h */; settings = {ATTRIBUTES = (Public, ); }; };
		A294FA131F91CF5C00923D2C /* Summable.swift in Sources */ = {isa = PBXBuildFile; fileRef = A294FA121F91CF5C00923D2C /* Summable.swift */; };
		A294FA141F91D03700923D2C /* ed25519_utility.swift in Sources */ = {isa = PBXBuildFile; fileRef = A2D235F21ECFFD2600BAD20C /* ed25519_utility.swift */; };
		A294FA161F91D23A00923D2C /* ge25519.h in Headers */ = {isa = PBXBuildFile; fileRef = A2A539F11F8F777B00E396B5 /* ge25519.h */; settings = {ATTRIBUTES = (Public, ); }; };
		A294FA181F91D67800923D2C /* Ed25519sTests.swift in Sources */ = {isa = PBXBuildFile; fileRef = A294FA171F91D67800923D2C /* Ed25519sTests.swift */; };
		A29895CB1F91A06F000D8206 /* ed25519_open.swift in Sources */ = {isa = PBXBuildFile; fileRef = A29895CA1F91A06F000D8206 /* ed25519_open.swift */; };
		A2A5595D1F8F779700E396B5 /* api.h in Headers */ = {isa = PBXBuildFile; fileRef = A2A539ED1F8F777B00E396B5 /* api.h */; };
		A2DA61F9223FE9E200AEDDB0 /* XCTest.framework in Frameworks */ = {isa = PBXBuildFile; fileRef = A2D34B8D219B0F5C00E73202 /* XCTest.framework */; };
		BB1363D972441FF85CFCB2F1 /* libPods-Ed25519iOS.a in Frameworks */ = {isa = PBXBuildFile; fileRef = 6FA70DEACEE5F31DA27B50F9 /* libPods-Ed25519iOS.a */; };
		CF85F9DEF04DD97F63F5A67A /* libPods-Ed25519macOS.a in Frameworks */ = {isa = PBXBuildFile; fileRef = 709DE06D8B763068DB973620 /* libPods-Ed25519macOS.a */; };
		D995A3F54B6B925C34BF6E3E /* libPods-Ed25519refTests.a in Frameworks */ = {isa = PBXBuildFile; fileRef = 1D755A2748563702013DD20F /* libPods-Ed25519refTests.a */; };
		FD82660763617926BB84CB19 /* libPods-Ed25519macOSTests.a in Frameworks */ = {isa = PBXBuildFile; fileRef = 98521BF4887D4CACCDC296E7 /* libPods-Ed25519macOSTests.a */; };
		FF22C509D06F5555D917532E /* libPods-Ed25519ref.a in Frameworks */ = {isa = PBXBuildFile; fileRef = 5078DBEF19C43E50123AEFE7 /* libPods-Ed25519ref.a */; };
/* End PBXBuildFile section */

/* Begin PBXContainerItemProxy section */
		A214191E223FF56D00FE28F8 /* PBXContainerItemProxy */ = {
			isa = PBXContainerItemProxy;
			containerPortal = A24C40D51EC71DA200B24AAF /* Project object */;
			proxyType = 1;
			remoteGlobalIDString = A22303671FD5700000CA0FE8;
			remoteInfo = Ed25519iOS;
		};
		A214192D223FF6B100FE28F8 /* PBXContainerItemProxy */ = {
			isa = PBXContainerItemProxy;
			containerPortal = A24C40D51EC71DA200B24AAF /* Project object */;
			proxyType = 1;
			remoteGlobalIDString = A26376891ECF280700EDC62D;
			remoteInfo = Ed25519macOS;
		};
		A241E4FF1F91AB11003C435B /* PBXContainerItemProxy */ = {
			isa = PBXContainerItemProxy;
			containerPortal = A24C40D51EC71DA200B24AAF /* Project object */;
			proxyType = 1;
			remoteGlobalIDString = A241E4F41F91AB11003C435B;
			remoteInfo = Ed25519ref;
		};
/* End PBXContainerItemProxy section */

/* Begin PBXFileReference section */
		0B168D86B8EAA81ADF544F57 /* Pods_Ed25519macOS_Ed25519macOSTests.framework */ = {isa = PBXFileReference; explicitFileType = wrapper.framework; includeInIndex = 0; path = Pods_Ed25519macOS_Ed25519macOSTests.framework; sourceTree = BUILT_PRODUCTS_DIR; };
		1D755A2748563702013DD20F /* libPods-Ed25519refTests.a */ = {isa = PBXFileReference; explicitFileType = archive.ar; includeInIndex = 0; path = "libPods-Ed25519refTests.a"; sourceTree = BUILT_PRODUCTS_DIR; };
		30A79FEA9B3244AF61EE9EDB /* Pods-Ed25519macOS.release.xcconfig */ = {isa = PBXFileReference; includeInIndex = 1; lastKnownFileType = text.xcconfig; name = "Pods-Ed25519macOS.release.xcconfig"; path = "Target Support Files/Pods-Ed25519macOS/Pods-Ed25519macOS.release.xcconfig"; sourceTree = "<group>"; };
		5078DBEF19C43E50123AEFE7 /* libPods-Ed25519ref.a */ = {isa = PBXFileReference; explicitFileType = archive.ar; includeInIndex = 0; path = "libPods-Ed25519ref.a"; sourceTree = BUILT_PRODUCTS_DIR; };
		58663BA59A336879460914C4 /* Pods-Ed25519refTests.debug.xcconfig */ = {isa = PBXFileReference; includeInIndex = 1; lastKnownFileType = text.xcconfig; name = "Pods-Ed25519refTests.debug.xcconfig"; path = "Target Support Files/Pods-Ed25519refTests/Pods-Ed25519refTests.debug.xcconfig"; sourceTree = "<group>"; };
		6FA70DEACEE5F31DA27B50F9 /* libPods-Ed25519iOS.a */ = {isa = PBXFileReference; explicitFileType = archive.ar; includeInIndex = 0; path = "libPods-Ed25519iOS.a"; sourceTree = BUILT_PRODUCTS_DIR; };
		709DE06D8B763068DB973620 /* libPods-Ed25519macOS.a */ = {isa = PBXFileReference; explicitFileType = archive.ar; includeInIndex = 0; path = "libPods-Ed25519macOS.a"; sourceTree = BUILT_PRODUCTS_DIR; };
		7299CA4E0A26E473C46C057C /* Pods_Ed25519macOSTests.framework */ = {isa = PBXFileReference; explicitFileType = wrapper.framework; includeInIndex = 0; path = Pods_Ed25519macOSTests.framework; sourceTree = BUILT_PRODUCTS_DIR; };
		78EBA250EBA73CECA96EC5DA /* Pods-Ed25519ref.release.xcconfig */ = {isa = PBXFileReference; includeInIndex = 1; lastKnownFileType = text.xcconfig; name = "Pods-Ed25519ref.release.xcconfig"; path = "Target Support Files/Pods-Ed25519ref/Pods-Ed25519ref.release.xcconfig"; sourceTree = "<group>"; };
		7B009BFE455C0C1F4BFC7B19 /* Pods-Ed25519macOSTests.release.xcconfig */ = {isa = PBXFileReference; includeInIndex = 1; lastKnownFileType = text.xcconfig; name = "Pods-Ed25519macOSTests.release.xcconfig"; path = "Target Support Files/Pods-Ed25519macOSTests/Pods-Ed25519macOSTests.release.xcconfig"; sourceTree = "<group>"; };
		7BF502FD3A7A43AF45359CEE /* Pods-Ed25519ref.debug.xcconfig */ = {isa = PBXFileReference; includeInIndex = 1; lastKnownFileType = text.xcconfig; name = "Pods-Ed25519ref.debug.xcconfig"; path = "Target Support Files/Pods-Ed25519ref/Pods-Ed25519ref.debug.xcconfig"; sourceTree = "<group>"; };
		94982B8618239A981C25F502 /* Pods-Ed25519iOS.debug.xcconfig */ = {isa = PBXFileReference; includeInIndex = 1; lastKnownFileType = text.xcconfig; name = "Pods-Ed25519iOS.debug.xcconfig"; path = "Target Support Files/Pods-Ed25519iOS/Pods-Ed25519iOS.debug.xcconfig"; sourceTree = "<group>"; };
		98521BF4887D4CACCDC296E7 /* libPods-Ed25519macOSTests.a */ = {isa = PBXFileReference; explicitFileType = archive.ar; includeInIndex = 0; path = "libPods-Ed25519macOSTests.a"; sourceTree = BUILT_PRODUCTS_DIR; };
		9A0245A0F5D0145DBF1FB2F8 /* Pods-Ed25519macOSTests.debug.xcconfig */ = {isa = PBXFileReference; includeInIndex = 1; lastKnownFileType = text.xcconfig; name = "Pods-Ed25519macOSTests.debug.xcconfig"; path = "Target Support Files/Pods-Ed25519macOSTests/Pods-Ed25519macOSTests.debug.xcconfig"; sourceTree = "<group>"; };
		A2141918223FF56D00FE28F8 /* Ed25519iOSTests.xctest */ = {isa = PBXFileReference; explicitFileType = wrapper.cfbundle; includeInIndex = 0; path = Ed25519iOSTests.xctest; sourceTree = BUILT_PRODUCTS_DIR; };
		A2141927223FF6B100FE28F8 /* Ed25519macOSTests.xctest */ = {isa = PBXFileReference; explicitFileType = wrapper.cfbundle; includeInIndex = 0; path = Ed25519macOSTests.xctest; sourceTree = BUILT_PRODUCTS_DIR; };
		A2141929223FF6B100FE28F8 /* Ed25519macOSTests.swift */ = {isa = PBXFileReference; lastKnownFileType = sourcecode.swift; path = Ed25519macOSTests.swift; sourceTree = "<group>"; };
		A214192B223FF6B100FE28F8 /* Info.plist */ = {isa = PBXFileReference; lastKnownFileType = text.plist.xml; path = Info.plist; sourceTree = "<group>"; };
		A22303681FD5700000CA0FE8 /* Ed25519iOS.framework */ = {isa = PBXFileReference; explicitFileType = wrapper.framework; includeInIndex = 0; path = Ed25519iOS.framework; sourceTree = BUILT_PRODUCTS_DIR; };
		A223036B1FD5700000CA0FE8 /* Info.plist */ = {isa = PBXFileReference; lastKnownFileType = text.plist.xml; path = Info.plist; sourceTree = "<group>"; };
		A22F451C1EC8625000A0BC64 /* BigInt+Extension.swift */ = {isa = PBXFileReference; fileEncoding = 4; lastKnownFileType = sourcecode.swift; path = "BigInt+Extension.swift"; sourceTree = "<group>"; };
		A241E4F51F91AB11003C435B /* Ed25519ref.framework */ = {isa = PBXFileReference; explicitFileType = wrapper.framework; includeInIndex = 0; path = Ed25519ref.framework; sourceTree = BUILT_PRODUCTS_DIR; };
		A241E4F71F91AB11003C435B /* Ed25519ref.h */ = {isa = PBXFileReference; lastKnownFileType = sourcecode.c.h; path = Ed25519ref.h; sourceTree = "<group>"; };
		A241E4F81F91AB11003C435B /* Info.plist */ = {isa = PBXFileReference; lastKnownFileType = text.plist.xml; path = Info.plist; sourceTree = "<group>"; };
		A241E4FD1F91AB11003C435B /* Ed25519refTests.xctest */ = {isa = PBXFileReference; explicitFileType = wrapper.cfbundle; includeInIndex = 0; path = Ed25519refTests.xctest; sourceTree = BUILT_PRODUCTS_DIR; };
		A241E5021F91AB11003C435B /* Ed25519refTests.swift */ = {isa = PBXFileReference; lastKnownFileType = sourcecode.swift; path = Ed25519refTests.swift; sourceTree = "<group>"; };
		A241E5041F91AB11003C435B /* Info.plist */ = {isa = PBXFileReference; lastKnownFileType = text.plist.xml; path = Info.plist; sourceTree = "<group>"; };
		A24C41151EC71E2A00B24AAF /* Ed25519s.swift */ = {isa = PBXFileReference; fileEncoding = 4; lastKnownFileType = sourcecode.swift; path = Ed25519s.swift; sourceTree = "<group>"; };
		A263768A1ECF280700EDC62D /* Ed25519macOS.framework */ = {isa = PBXFileReference; explicitFileType = wrapper.framework; includeInIndex = 0; path = Ed25519macOS.framework; sourceTree = BUILT_PRODUCTS_DIR; };
		A263768D1ECF280700EDC62D /* Info.plist */ = {isa = PBXFileReference; lastKnownFileType = text.plist.xml; path = Info.plist; sourceTree = "<group>"; };
		A26376991ECF280700EDC62D /* Info.plist */ = {isa = PBXFileReference; lastKnownFileType = text.plist.xml; path = Info.plist; sourceTree = "<group>"; };
		A27AECA21ED083E000A1B09F /* ed25519_fe.swift */ = {isa = PBXFileReference; fileEncoding = 4; lastKnownFileType = sourcecode.swift; path = ed25519_fe.swift; sourceTree = "<group>"; };
		A27AECA51ED084B100A1B09F /* ed25519_ge.swift */ = {isa = PBXFileReference; fileEncoding = 4; lastKnownFileType = sourcecode.swift; path = ed25519_ge.swift; sourceTree = "<group>"; };
		A27AECA81ED094E100A1B09F /* ed25519_sc.swift */ = {isa = PBXFileReference; fileEncoding = 4; lastKnownFileType = sourcecode.swift; path = ed25519_sc.swift; sourceTree = "<group>"; };
		A27AECAB1ED09ECA00A1B09F /* ed25519_sign.swift */ = {isa = PBXFileReference; fileEncoding = 4; lastKnownFileType = sourcecode.swift; path = ed25519_sign.swift; sourceTree = "<group>"; };
		A2896FDA1F918BFD008A2029 /* hash_sha512.c */ = {isa = PBXFileReference; lastKnownFileType = sourcecode.c.c; path = hash_sha512.c; sourceTree = "<group>"; };
		A2896FDB1F918BFD008A2029 /* hash_sha512.h */ = {isa = PBXFileReference; lastKnownFileType = sourcecode.c.h; path = hash_sha512.h; sourceTree = "<group>"; };
		A2896FDE1F918D74008A2029 /* verify.c */ = {isa = PBXFileReference; lastKnownFileType = sourcecode.c.c; path = verify.c; sourceTree = "<group>"; };
		A2896FDF1F918D74008A2029 /* verify.h */ = {isa = PBXFileReference; lastKnownFileType = sourcecode.c.h; path = verify.h; sourceTree = "<group>"; };
		A2896FE21F91914F008A2029 /* open.h */ = {isa = PBXFileReference; lastKnownFileType = sourcecode.c.h; path = open.h; sourceTree = "<group>"; };
		A294FA121F91CF5C00923D2C /* Summable.swift */ = {isa = PBXFileReference; lastKnownFileType = sourcecode.swift; path = Summable.swift; sourceTree = "<group>"; };
		A294FA171F91D67800923D2C /* Ed25519sTests.swift */ = {isa = PBXFileReference; lastKnownFileType = sourcecode.swift; path = Ed25519sTests.swift; sourceTree = "<group>"; };
		A29895CA1F91A06F000D8206 /* ed25519_open.swift */ = {isa = PBXFileReference; lastKnownFileType = sourcecode.swift; path = ed25519_open.swift; sourceTree = "<group>"; };
		A2A539ED1F8F777B00E396B5 /* api.h */ = {isa = PBXFileReference; fileEncoding = 4; lastKnownFileType = sourcecode.c.h; path = api.h; sourceTree = "<group>"; };
		A2A539EE1F8F777B00E396B5 /* fe25519.c */ = {isa = PBXFileReference; fileEncoding = 4; lastKnownFileType = sourcecode.c.c; path = fe25519.c; sourceTree = "<group>"; };
		A2A539EF1F8F777B00E396B5 /* fe25519.h */ = {isa = PBXFileReference; fileEncoding = 4; lastKnownFileType = sourcecode.c.h; path = fe25519.h; sourceTree = "<group>"; };
		A2A539F01F8F777B00E396B5 /* ge25519.cpp */ = {isa = PBXFileReference; fileEncoding = 4; lastKnownFileType = sourcecode.cpp.cpp; path = ge25519.cpp; sourceTree = "<group>"; };
		A2A539F11F8F777B00E396B5 /* ge25519.h */ = {isa = PBXFileReference; fileEncoding = 4; lastKnownFileType = sourcecode.c.h; path = ge25519.h; sourceTree = "<group>"; };
		A2A539F21F8F777B00E396B5 /* ge25519_base.data */ = {isa = PBXFileReference; fileEncoding = 4; lastKnownFileType = text; path = ge25519_base.data; sourceTree = "<group>"; };
		A2A539F41F8F777B00E396B5 /* keypair.c */ = {isa = PBXFileReference; fileEncoding = 4; lastKnownFileType = sourcecode.c.c; path = keypair.c; sourceTree = "<group>"; };
		A2A539F51F8F777B00E396B5 /* open.c */ = {isa = PBXFileReference; fileEncoding = 4; lastKnownFileType = sourcecode.c.c; path = open.c; sourceTree = "<group>"; };
		A2A539F61F8F777B00E396B5 /* sc25519.c */ = {isa = PBXFileReference; fileEncoding = 4; lastKnownFileType = sourcecode.c.c; path = sc25519.c; sourceTree = "<group>"; };
		A2A539F71F8F777B00E396B5 /* sc25519.h */ = {isa = PBXFileReference; fileEncoding = 4; lastKnownFileType = sourcecode.c.h; path = sc25519.h; sourceTree = "<group>"; };
		A2A539F81F8F777B00E396B5 /* sign.c */ = {isa = PBXFileReference; fileEncoding = 4; lastKnownFileType = sourcecode.c.c; path = sign.c; sourceTree = "<group>"; };
		A2A559921F8F881800E396B5 /* sign.h */ = {isa = PBXFileReference; lastKnownFileType = sourcecode.c.h; path = sign.h; sourceTree = "<group>"; };
		A2A559951F8F9E6000E396B5 /* ref_test.m */ = {isa = PBXFileReference; lastKnownFileType = sourcecode.c.objc; path = ref_test.m; sourceTree = "<group>"; };
		A2B45C921F91E1CB00249454 /* input.txt */ = {isa = PBXFileReference; fileEncoding = 4; lastKnownFileType = text; name = input.txt; path = tool/input.txt; sourceTree = SOURCE_ROOT; };
		A2BB19481F7696050056EC72 /* BigInt+ExtensionTests.swift */ = {isa = PBXFileReference; fileEncoding = 4; lastKnownFileType = sourcecode.swift; path = "BigInt+ExtensionTests.swift"; sourceTree = "<group>"; };
		A2BB19491F7696050056EC72 /* Ed25519macOSTests.swift */ = {isa = PBXFileReference; fileEncoding = 4; lastKnownFileType = sourcecode.swift; path = Ed25519macOSTests.swift; sourceTree = "<group>"; };
		A2D235CC1ECF435600BAD20C /* BigInt.framework */ = {isa = PBXFileReference; lastKnownFileType = wrapper.framework; name = BigInt.framework; path = "../../Users/pebble8888/Library/Developer/Xcode/DerivedData/Ed25519-bgavysfvnlntnkhevpvsigfomvie/Build/Products/Debug/BigInt-OSX/BigInt.framework"; sourceTree = "<group>"; };
		A2D235F21ECFFD2600BAD20C /* ed25519_utility.swift */ = {isa = PBXFileReference; fileEncoding = 4; lastKnownFileType = sourcecode.swift; path = ed25519_utility.swift; sourceTree = "<group>"; };
		A2D34B8D219B0F5C00E73202 /* XCTest.framework */ = {isa = PBXFileReference; lastKnownFileType = wrapper.framework; name = XCTest.framework; path = Platforms/MacOSX.platform/Developer/Library/Frameworks/XCTest.framework; sourceTree = DEVELOPER_DIR; };
		A56128FECCD84A0292461836 /* Pods_Ed25519ref_Ed25519refTests.framework */ = {isa = PBXFileReference; explicitFileType = wrapper.framework; includeInIndex = 0; path = Pods_Ed25519ref_Ed25519refTests.framework; sourceTree = BUILT_PRODUCTS_DIR; };
		AB90314FB65A1783DDB2B931 /* Pods-Ed25519iOS.release.xcconfig */ = {isa = PBXFileReference; includeInIndex = 1; lastKnownFileType = text.xcconfig; name = "Pods-Ed25519iOS.release.xcconfig"; path = "Target Support Files/Pods-Ed25519iOS/Pods-Ed25519iOS.release.xcconfig"; sourceTree = "<group>"; };
		B2B4DBA94232723883E0659C /* Pods-Ed25519refTests.release.xcconfig */ = {isa = PBXFileReference; includeInIndex = 1; lastKnownFileType = text.xcconfig; name = "Pods-Ed25519refTests.release.xcconfig"; path = "Target Support Files/Pods-Ed25519refTests/Pods-Ed25519refTests.release.xcconfig"; sourceTree = "<group>"; };
		DB33583610E2845ABE93FDF9 /* libPods-Ed25519iOSTests.a */ = {isa = PBXFileReference; explicitFileType = archive.ar; includeInIndex = 0; path = "libPods-Ed25519iOSTests.a"; sourceTree = BUILT_PRODUCTS_DIR; };
		EABCA32E3E9DF1BB26E56133 /* Pods-Ed25519iOSTests.release.xcconfig */ = {isa = PBXFileReference; includeInIndex = 1; lastKnownFileType = text.xcconfig; name = "Pods-Ed25519iOSTests.release.xcconfig"; path = "Target Support Files/Pods-Ed25519iOSTests/Pods-Ed25519iOSTests.release.xcconfig"; sourceTree = "<group>"; };
		F0A4B17BF84636574619F6E0 /* Pods-Ed25519iOSTests.debug.xcconfig */ = {isa = PBXFileReference; includeInIndex = 1; lastKnownFileType = text.xcconfig; name = "Pods-Ed25519iOSTests.debug.xcconfig"; path = "Target Support Files/Pods-Ed25519iOSTests/Pods-Ed25519iOSTests.debug.xcconfig"; sourceTree = "<group>"; };
		FEDA153FF21CD178B237F427 /* Pods-Ed25519macOS.debug.xcconfig */ = {isa = PBXFileReference; includeInIndex = 1; lastKnownFileType = text.xcconfig; name = "Pods-Ed25519macOS.debug.xcconfig"; path = "Target Support Files/Pods-Ed25519macOS/Pods-Ed25519macOS.debug.xcconfig"; sourceTree = "<group>"; };
/* End PBXFileReference section */

/* Begin PBXFrameworksBuildPhase section */
		A2141915223FF56D00FE28F8 /* Frameworks */ = {
			isa = PBXFrameworksBuildPhase;
			buildActionMask = 2147483647;
			files = (
				A214191D223FF56D00FE28F8 /* Ed25519iOS.framework in Frameworks */,
				51EB26A1EF21E0E78AE091C6 /* libPods-Ed25519iOSTests.a in Frameworks */,
			);
			runOnlyForDeploymentPostprocessing = 0;
		};
		A2141924223FF6B100FE28F8 /* Frameworks */ = {
			isa = PBXFrameworksBuildPhase;
			buildActionMask = 2147483647;
			files = (
				A214192C223FF6B100FE28F8 /* Ed25519macOS.framework in Frameworks */,
				FD82660763617926BB84CB19 /* libPods-Ed25519macOSTests.a in Frameworks */,
			);
			runOnlyForDeploymentPostprocessing = 0;
		};
		A22303641FD5700000CA0FE8 /* Frameworks */ = {
			isa = PBXFrameworksBuildPhase;
			buildActionMask = 2147483647;
			files = (
				BB1363D972441FF85CFCB2F1 /* libPods-Ed25519iOS.a in Frameworks */,
			);
			runOnlyForDeploymentPostprocessing = 0;
		};
		A241E4F11F91AB11003C435B /* Frameworks */ = {
			isa = PBXFrameworksBuildPhase;
			buildActionMask = 2147483647;
			files = (
				FF22C509D06F5555D917532E /* libPods-Ed25519ref.a in Frameworks */,
			);
			runOnlyForDeploymentPostprocessing = 0;
		};
		A241E4FA1F91AB11003C435B /* Frameworks */ = {
			isa = PBXFrameworksBuildPhase;
			buildActionMask = 2147483647;
			files = (
				A2DA61F9223FE9E200AEDDB0 /* XCTest.framework in Frameworks */,
				A241E4FE1F91AB11003C435B /* Ed25519ref.framework in Frameworks */,
				D995A3F54B6B925C34BF6E3E /* libPods-Ed25519refTests.a in Frameworks */,
			);
			runOnlyForDeploymentPostprocessing = 0;
		};
		A26376861ECF280700EDC62D /* Frameworks */ = {
			isa = PBXFrameworksBuildPhase;
			buildActionMask = 2147483647;
			files = (
				CF85F9DEF04DD97F63F5A67A /* libPods-Ed25519macOS.a in Frameworks */,
			);
			runOnlyForDeploymentPostprocessing = 0;
		};
/* End PBXFrameworksBuildPhase section */

/* Begin PBXGroup section */
		A2141928223FF6B100FE28F8 /* Ed25519macOSTests */ = {
			isa = PBXGroup;
			children = (
				A2141929223FF6B100FE28F8 /* Ed25519macOSTests.swift */,
				A214192B223FF6B100FE28F8 /* Info.plist */,
			);
			path = Ed25519macOSTests;
			sourceTree = "<group>";
		};
		A22303691FD5700000CA0FE8 /* Ed25519iOS */ = {
			isa = PBXGroup;
			children = (
				A223036B1FD5700000CA0FE8 /* Info.plist */,
			);
			path = Ed25519iOS;
			sourceTree = "<group>";
		};
		A241E4F61F91AB11003C435B /* Ed25519ref */ = {
			isa = PBXGroup;
			children = (
				A294FA121F91CF5C00923D2C /* Summable.swift */,
				A22F451C1EC8625000A0BC64 /* BigInt+Extension.swift */,
				A24C41151EC71E2A00B24AAF /* Ed25519s.swift */,
				A2A516061F8F777500E396B5 /* ref_supercop */,
				A241E4F71F91AB11003C435B /* Ed25519ref.h */,
				A241E4F81F91AB11003C435B /* Info.plist */,
			);
			path = Ed25519ref;
			sourceTree = "<group>";
		};
		A241E5011F91AB11003C435B /* Ed25519refTests */ = {
			isa = PBXGroup;
			children = (
				A2BB19481F7696050056EC72 /* BigInt+ExtensionTests.swift */,
				A241E5021F91AB11003C435B /* Ed25519refTests.swift */,
				A294FA171F91D67800923D2C /* Ed25519sTests.swift */,
				A241E5041F91AB11003C435B /* Info.plist */,
				A2A559951F8F9E6000E396B5 /* ref_test.m */,
			);
			path = Ed25519refTests;
			sourceTree = "<group>";
		};
		A24C40D41EC71DA200B24AAF = {
			isa = PBXGroup;
			children = (
				A263768B1ECF280700EDC62D /* Ed25519macOS */,
				A26376961ECF280700EDC62D /* Ed25519macOSTests */,
				A22303691FD5700000CA0FE8 /* Ed25519iOS */,
				A241E4F61F91AB11003C435B /* Ed25519ref */,
				A241E5011F91AB11003C435B /* Ed25519refTests */,
				A2141928223FF6B100FE28F8 /* Ed25519macOSTests */,
				A24C40DF1EC71DA200B24AAF /* Products */,
				E0F1840553068BE08294F334 /* Frameworks */,
				CD5858DF993C8DE94B95B75A /* Pods */,
			);
			sourceTree = "<group>";
		};
		A24C40DF1EC71DA200B24AAF /* Products */ = {
			isa = PBXGroup;
			children = (
				A263768A1ECF280700EDC62D /* Ed25519macOS.framework */,
				A241E4F51F91AB11003C435B /* Ed25519ref.framework */,
				A241E4FD1F91AB11003C435B /* Ed25519refTests.xctest */,
				A22303681FD5700000CA0FE8 /* Ed25519iOS.framework */,
				A2141918223FF56D00FE28F8 /* Ed25519iOSTests.xctest */,
				A2141927223FF6B100FE28F8 /* Ed25519macOSTests.xctest */,
			);
			name = Products;
			sourceTree = "<group>";
		};
		A263768B1ECF280700EDC62D /* Ed25519macOS */ = {
			isa = PBXGroup;
			children = (
				A2D235F21ECFFD2600BAD20C /* ed25519_utility.swift */,
				A27AECA21ED083E000A1B09F /* ed25519_fe.swift */,
				A27AECA51ED084B100A1B09F /* ed25519_ge.swift */,
				A27AECA81ED094E100A1B09F /* ed25519_sc.swift */,
				A27AECAB1ED09ECA00A1B09F /* ed25519_sign.swift */,
				A29895CA1F91A06F000D8206 /* ed25519_open.swift */,
				A263768D1ECF280700EDC62D /* Info.plist */,
			);
			path = Ed25519macOS;
			sourceTree = "<group>";
		};
		A26376961ECF280700EDC62D /* Ed25519macOSTests */ = {
			isa = PBXGroup;
			children = (
				A2B45C921F91E1CB00249454 /* input.txt */,
				A2BB19491F7696050056EC72 /* Ed25519macOSTests.swift */,
				A26376991ECF280700EDC62D /* Info.plist */,
			);
			path = Ed25519macOSTests;
			sourceTree = "<group>";
		};
		A2A516061F8F777500E396B5 /* ref_supercop */ = {
			isa = PBXGroup;
			children = (
				A2A539EA1F8F777B00E396B5 /* crypto_sign */,
			);
			path = ref_supercop;
			sourceTree = "<group>";
		};
		A2A539EA1F8F777B00E396B5 /* crypto_sign */ = {
			isa = PBXGroup;
			children = (
				A2A539EB1F8F777B00E396B5 /* ed25519 */,
			);
			path = crypto_sign;
			sourceTree = "<group>";
		};
		A2A539EB1F8F777B00E396B5 /* ed25519 */ = {
			isa = PBXGroup;
			children = (
				A2A539EC1F8F777B00E396B5 /* ref */,
			);
			path = ed25519;
			sourceTree = "<group>";
		};
		A2A539EC1F8F777B00E396B5 /* ref */ = {
			isa = PBXGroup;
			children = (
				A2A539ED1F8F777B00E396B5 /* api.h */,
				A2A539EE1F8F777B00E396B5 /* fe25519.c */,
				A2A539EF1F8F777B00E396B5 /* fe25519.h */,
				A2A539F01F8F777B00E396B5 /* ge25519.cpp */,
				A2A539F11F8F777B00E396B5 /* ge25519.h */,
				A2A539F21F8F777B00E396B5 /* ge25519_base.data */,
				A2A539F41F8F777B00E396B5 /* keypair.c */,
				A2A539F51F8F777B00E396B5 /* open.c */,
				A2896FE21F91914F008A2029 /* open.h */,
				A2A539F61F8F777B00E396B5 /* sc25519.c */,
				A2A539F71F8F777B00E396B5 /* sc25519.h */,
				A2A539F81F8F777B00E396B5 /* sign.c */,
				A2A559921F8F881800E396B5 /* sign.h */,
				A2896FDA1F918BFD008A2029 /* hash_sha512.c */,
				A2896FDB1F918BFD008A2029 /* hash_sha512.h */,
				A2896FDE1F918D74008A2029 /* verify.c */,
				A2896FDF1F918D74008A2029 /* verify.h */,
			);
			path = ref;
			sourceTree = "<group>";
		};
		CD5858DF993C8DE94B95B75A /* Pods */ = {
			isa = PBXGroup;
			children = (
				94982B8618239A981C25F502 /* Pods-Ed25519iOS.debug.xcconfig */,
				AB90314FB65A1783DDB2B931 /* Pods-Ed25519iOS.release.xcconfig */,
				F0A4B17BF84636574619F6E0 /* Pods-Ed25519iOSTests.debug.xcconfig */,
				EABCA32E3E9DF1BB26E56133 /* Pods-Ed25519iOSTests.release.xcconfig */,
				FEDA153FF21CD178B237F427 /* Pods-Ed25519macOS.debug.xcconfig */,
				30A79FEA9B3244AF61EE9EDB /* Pods-Ed25519macOS.release.xcconfig */,
				9A0245A0F5D0145DBF1FB2F8 /* Pods-Ed25519macOSTests.debug.xcconfig */,
				7B009BFE455C0C1F4BFC7B19 /* Pods-Ed25519macOSTests.release.xcconfig */,
				7BF502FD3A7A43AF45359CEE /* Pods-Ed25519ref.debug.xcconfig */,
				78EBA250EBA73CECA96EC5DA /* Pods-Ed25519ref.release.xcconfig */,
				58663BA59A336879460914C4 /* Pods-Ed25519refTests.debug.xcconfig */,
				B2B4DBA94232723883E0659C /* Pods-Ed25519refTests.release.xcconfig */,
			);
			name = Pods;
			path = Pods;
			sourceTree = "<group>";
		};
		E0F1840553068BE08294F334 /* Frameworks */ = {
			isa = PBXGroup;
			children = (
				A2D34B8D219B0F5C00E73202 /* XCTest.framework */,
				A2D235CC1ECF435600BAD20C /* BigInt.framework */,
				0B168D86B8EAA81ADF544F57 /* Pods_Ed25519macOS_Ed25519macOSTests.framework */,
				A56128FECCD84A0292461836 /* Pods_Ed25519ref_Ed25519refTests.framework */,
				7299CA4E0A26E473C46C057C /* Pods_Ed25519macOSTests.framework */,
				6FA70DEACEE5F31DA27B50F9 /* libPods-Ed25519iOS.a */,
				DB33583610E2845ABE93FDF9 /* libPods-Ed25519iOSTests.a */,
				709DE06D8B763068DB973620 /* libPods-Ed25519macOS.a */,
				98521BF4887D4CACCDC296E7 /* libPods-Ed25519macOSTests.a */,
				5078DBEF19C43E50123AEFE7 /* libPods-Ed25519ref.a */,
				1D755A2748563702013DD20F /* libPods-Ed25519refTests.a */,
			);
			name = Frameworks;
			sourceTree = "<group>";
		};
/* End PBXGroup section */

/* Begin PBXHeadersBuildPhase section */
		A22303651FD5700000CA0FE8 /* Headers */ = {
			isa = PBXHeadersBuildPhase;
			buildActionMask = 2147483647;
			files = (
			);
			runOnlyForDeploymentPostprocessing = 0;
		};
		A241E4F21F91AB11003C435B /* Headers */ = {
			isa = PBXHeadersBuildPhase;
			buildActionMask = 2147483647;
			files = (
				A294FA101F91B29C00923D2C /* fe25519.h in Headers */,
				A294FA161F91D23A00923D2C /* ge25519.h in Headers */,
				A294FA0E1F91B21E00923D2C /* open.h in Headers */,
				A241E5051F91AB11003C435B /* Ed25519ref.h in Headers */,
				A294FA0F1F91B22800923D2C /* sign.h in Headers */,
				A294FA111F91B2A300923D2C /* sc25519.h in Headers */,
			);
			runOnlyForDeploymentPostprocessing = 0;
		};
		A26376871ECF280700EDC62D /* Headers */ = {
			isa = PBXHeadersBuildPhase;
			buildActionMask = 2147483647;
			files = (
				A2896FDD1F918BFD008A2029 /* hash_sha512.h in Headers */,
				A2896FE11F918D74008A2029 /* verify.h in Headers */,
				A2A5595D1F8F779700E396B5 /* api.h in Headers */,
			);
			runOnlyForDeploymentPostprocessing = 0;
		};
/* End PBXHeadersBuildPhase section */

/* Begin PBXNativeTarget section */
		A2141917223FF56D00FE28F8 /* Ed25519iOSTests */ = {
			isa = PBXNativeTarget;
			buildConfigurationList = A2141920223FF56D00FE28F8 /* Build configuration list for PBXNativeTarget "Ed25519iOSTests" */;
			buildPhases = (
				707B7662927F45FD08613257 /* [CP] Check Pods Manifest.lock */,
				A2141914223FF56D00FE28F8 /* Sources */,
				A2141915223FF56D00FE28F8 /* Frameworks */,
				A2141916223FF56D00FE28F8 /* Resources */,
			);
			buildRules = (
			);
			dependencies = (
				A214191F223FF56D00FE28F8 /* PBXTargetDependency */,
			);
			name = Ed25519iOSTests;
			productName = Ed25519iOSTests;
			productReference = A2141918223FF56D00FE28F8 /* Ed25519iOSTests.xctest */;
			productType = "com.apple.product-type.bundle.unit-test";
		};
		A2141926223FF6B100FE28F8 /* Ed25519macOSTests */ = {
			isa = PBXNativeTarget;
			buildConfigurationList = A214192F223FF6B100FE28F8 /* Build configuration list for PBXNativeTarget "Ed25519macOSTests" */;
			buildPhases = (
				EE0E9B257E40736EB2528F35 /* [CP] Check Pods Manifest.lock */,
				A2141923223FF6B100FE28F8 /* Sources */,
				A2141924223FF6B100FE28F8 /* Frameworks */,
				A2141925223FF6B100FE28F8 /* Resources */,
			);
			buildRules = (
			);
			dependencies = (
				A214192E223FF6B100FE28F8 /* PBXTargetDependency */,
			);
			name = Ed25519macOSTests;
			productName = Ed25519macOSTests;
			productReference = A2141927223FF6B100FE28F8 /* Ed25519macOSTests.xctest */;
			productType = "com.apple.product-type.bundle.unit-test";
		};
		A22303671FD5700000CA0FE8 /* Ed25519iOS */ = {
			isa = PBXNativeTarget;
			buildConfigurationList = A223036F1FD5700000CA0FE8 /* Build configuration list for PBXNativeTarget "Ed25519iOS" */;
			buildPhases = (
				9B8BC1D49E453791CA842C53 /* [CP] Check Pods Manifest.lock */,
				A22303631FD5700000CA0FE8 /* Sources */,
				A22303641FD5700000CA0FE8 /* Frameworks */,
				A22303651FD5700000CA0FE8 /* Headers */,
				A22303661FD5700000CA0FE8 /* Resources */,
			);
			buildRules = (
			);
			dependencies = (
			);
			name = Ed25519iOS;
			productName = Ed25519iOS;
			productReference = A22303681FD5700000CA0FE8 /* Ed25519iOS.framework */;
			productType = "com.apple.product-type.framework";
		};
		A241E4F41F91AB11003C435B /* Ed25519ref */ = {
			isa = PBXNativeTarget;
			buildConfigurationList = A241E5061F91AB11003C435B /* Build configuration list for PBXNativeTarget "Ed25519ref" */;
			buildPhases = (
				D83001620E642C261017735D /* [CP] Check Pods Manifest.lock */,
				A241E4F01F91AB11003C435B /* Sources */,
				A241E4F11F91AB11003C435B /* Frameworks */,
				A241E4F21F91AB11003C435B /* Headers */,
				A241E4F31F91AB11003C435B /* Resources */,
			);
			buildRules = (
			);
			dependencies = (
			);
			name = Ed25519ref;
			productName = Ed25519ref;
			productReference = A241E4F51F91AB11003C435B /* Ed25519ref.framework */;
			productType = "com.apple.product-type.framework";
		};
		A241E4FC1F91AB11003C435B /* Ed25519refTests */ = {
			isa = PBXNativeTarget;
			buildConfigurationList = A241E5091F91AB11003C435B /* Build configuration list for PBXNativeTarget "Ed25519refTests" */;
			buildPhases = (
				65B5E2BE0EBE2FDEADA5C048 /* [CP] Check Pods Manifest.lock */,
				A241E4F91F91AB11003C435B /* Sources */,
				A241E4FA1F91AB11003C435B /* Frameworks */,
				A241E4FB1F91AB11003C435B /* Resources */,
			);
			buildRules = (
			);
			dependencies = (
				A241E5001F91AB11003C435B /* PBXTargetDependency */,
			);
			name = Ed25519refTests;
			productName = Ed25519refTests;
			productReference = A241E4FD1F91AB11003C435B /* Ed25519refTests.xctest */;
			productType = "com.apple.product-type.bundle.unit-test";
		};
		A26376891ECF280700EDC62D /* Ed25519macOS */ = {
			isa = PBXNativeTarget;
			buildConfigurationList = A263769F1ECF280700EDC62D /* Build configuration list for PBXNativeTarget "Ed25519macOS" */;
			buildPhases = (
				B58C972864A2FDC65B205DB5 /* [CP] Check Pods Manifest.lock */,
				A26376851ECF280700EDC62D /* Sources */,
				A26376861ECF280700EDC62D /* Frameworks */,
				A26376871ECF280700EDC62D /* Headers */,
			);
			buildRules = (
			);
			dependencies = (
			);
			name = Ed25519macOS;
			productName = Ed25519macOS;
			productReference = A263768A1ECF280700EDC62D /* Ed25519macOS.framework */;
			productType = "com.apple.product-type.framework";
		};
/* End PBXNativeTarget section */

/* Begin PBXProject section */
		A24C40D51EC71DA200B24AAF /* Project object */ = {
			isa = PBXProject;
			attributes = {
				LastSwiftUpdateCheck = 1010;
				LastUpgradeCheck = 0900;
				ORGANIZATIONNAME = pebble8888;
				TargetAttributes = {
					A2141917223FF56D00FE28F8 = {
						CreatedOnToolsVersion = 10.1;
						ProvisioningStyle = Automatic;
					};
					A2141926223FF6B100FE28F8 = {
						CreatedOnToolsVersion = 10.1;
						ProvisioningStyle = Automatic;
					};
					A22303671FD5700000CA0FE8 = {
						CreatedOnToolsVersion = 9.1;
						ProvisioningStyle = Automatic;
					};
					A241E4F41F91AB11003C435B = {
						CreatedOnToolsVersion = 9.0;
						ProvisioningStyle = Automatic;
					};
					A241E4FC1F91AB11003C435B = {
						CreatedOnToolsVersion = 9.0;
						ProvisioningStyle = Automatic;
					};
					A26376891ECF280700EDC62D = {
						CreatedOnToolsVersion = 8.3.2;
						LastSwiftMigration = 0900;
						ProvisioningStyle = Automatic;
					};
				};
			};
			buildConfigurationList = A24C40D81EC71DA200B24AAF /* Build configuration list for PBXProject "Ed25519" */;
			compatibilityVersion = "Xcode 3.2";
			developmentRegion = English;
			hasScannedForEncodings = 0;
			knownRegions = (
				English,
				en,
				Base,
			);
			mainGroup = A24C40D41EC71DA200B24AAF;
			productRefGroup = A24C40DF1EC71DA200B24AAF /* Products */;
			projectDirPath = "";
			projectRoot = "";
			targets = (
				A26376891ECF280700EDC62D /* Ed25519macOS */,
				A2141926223FF6B100FE28F8 /* Ed25519macOSTests */,
				A241E4F41F91AB11003C435B /* Ed25519ref */,
				A241E4FC1F91AB11003C435B /* Ed25519refTests */,
				A22303671FD5700000CA0FE8 /* Ed25519iOS */,
				A2141917223FF56D00FE28F8 /* Ed25519iOSTests */,
			);
		};
/* End PBXProject section */

/* Begin PBXResourcesBuildPhase section */
		A2141916223FF56D00FE28F8 /* Resources */ = {
			isa = PBXResourcesBuildPhase;
			buildActionMask = 2147483647;
			files = (
				A2141934223FF7B200FE28F8 /* input.txt in Resources */,
			);
			runOnlyForDeploymentPostprocessing = 0;
		};
		A2141925223FF6B100FE28F8 /* Resources */ = {
			isa = PBXResourcesBuildPhase;
			buildActionMask = 2147483647;
			files = (
				A2141932223FF74000FE28F8 /* input.txt in Resources */,
			);
			runOnlyForDeploymentPostprocessing = 0;
		};
		A22303661FD5700000CA0FE8 /* Resources */ = {
			isa = PBXResourcesBuildPhase;
			buildActionMask = 2147483647;
			files = (
			);
			runOnlyForDeploymentPostprocessing = 0;
		};
		A241E4F31F91AB11003C435B /* Resources */ = {
			isa = PBXResourcesBuildPhase;
			buildActionMask = 2147483647;
			files = (
			);
			runOnlyForDeploymentPostprocessing = 0;
		};
		A241E4FB1F91AB11003C435B /* Resources */ = {
			isa = PBXResourcesBuildPhase;
			buildActionMask = 2147483647;
			files = (
			);
			runOnlyForDeploymentPostprocessing = 0;
		};
/* End PBXResourcesBuildPhase section */

/* Begin PBXShellScriptBuildPhase section */
		65B5E2BE0EBE2FDEADA5C048 /* [CP] Check Pods Manifest.lock */ = {
			isa = PBXShellScriptBuildPhase;
			buildActionMask = 2147483647;
			files = (
			);
			inputFileListPaths = (
			);
			inputPaths = (
				"${PODS_PODFILE_DIR_PATH}/Podfile.lock",
				"${PODS_ROOT}/Manifest.lock",
			);
			name = "[CP] Check Pods Manifest.lock";
			outputFileListPaths = (
			);
			outputPaths = (
				"$(DERIVED_FILE_DIR)/Pods-Ed25519refTests-checkManifestLockResult.txt",
			);
			runOnlyForDeploymentPostprocessing = 0;
			shellPath = /bin/sh;
			shellScript = "diff \"${PODS_PODFILE_DIR_PATH}/Podfile.lock\" \"${PODS_ROOT}/Manifest.lock\" > /dev/null\nif [ $? != 0 ] ; then\n    # print error to STDERR\n    echo \"error: The sandbox is not in sync with the Podfile.lock. Run 'pod install' or update your CocoaPods installation.\" >&2\n    exit 1\nfi\n# This output is used by Xcode 'outputs' to avoid re-running this script phase.\necho \"SUCCESS\" > \"${SCRIPT_OUTPUT_FILE_0}\"\n";
			showEnvVarsInLog = 0;
		};
		707B7662927F45FD08613257 /* [CP] Check Pods Manifest.lock */ = {
			isa = PBXShellScriptBuildPhase;
			buildActionMask = 2147483647;
			files = (
			);
			inputFileListPaths = (
			);
			inputPaths = (
				"${PODS_PODFILE_DIR_PATH}/Podfile.lock",
				"${PODS_ROOT}/Manifest.lock",
			);
			name = "[CP] Check Pods Manifest.lock";
			outputFileListPaths = (
			);
			outputPaths = (
				"$(DERIVED_FILE_DIR)/Pods-Ed25519iOSTests-checkManifestLockResult.txt",
			);
			runOnlyForDeploymentPostprocessing = 0;
			shellPath = /bin/sh;
			shellScript = "diff \"${PODS_PODFILE_DIR_PATH}/Podfile.lock\" \"${PODS_ROOT}/Manifest.lock\" > /dev/null\nif [ $? != 0 ] ; then\n    # print error to STDERR\n    echo \"error: The sandbox is not in sync with the Podfile.lock. Run 'pod install' or update your CocoaPods installation.\" >&2\n    exit 1\nfi\n# This output is used by Xcode 'outputs' to avoid re-running this script phase.\necho \"SUCCESS\" > \"${SCRIPT_OUTPUT_FILE_0}\"\n";
			showEnvVarsInLog = 0;
		};
		9B8BC1D49E453791CA842C53 /* [CP] Check Pods Manifest.lock */ = {
			isa = PBXShellScriptBuildPhase;
			buildActionMask = 2147483647;
			files = (
			);
			inputFileListPaths = (
			);
			inputPaths = (
				"${PODS_PODFILE_DIR_PATH}/Podfile.lock",
				"${PODS_ROOT}/Manifest.lock",
			);
			name = "[CP] Check Pods Manifest.lock";
			outputFileListPaths = (
			);
			outputPaths = (
				"$(DERIVED_FILE_DIR)/Pods-Ed25519iOS-checkManifestLockResult.txt",
			);
			runOnlyForDeploymentPostprocessing = 0;
			shellPath = /bin/sh;
			shellScript = "diff \"${PODS_PODFILE_DIR_PATH}/Podfile.lock\" \"${PODS_ROOT}/Manifest.lock\" > /dev/null\nif [ $? != 0 ] ; then\n    # print error to STDERR\n    echo \"error: The sandbox is not in sync with the Podfile.lock. Run 'pod install' or update your CocoaPods installation.\" >&2\n    exit 1\nfi\n# This output is used by Xcode 'outputs' to avoid re-running this script phase.\necho \"SUCCESS\" > \"${SCRIPT_OUTPUT_FILE_0}\"\n";
			showEnvVarsInLog = 0;
		};
		B58C972864A2FDC65B205DB5 /* [CP] Check Pods Manifest.lock */ = {
			isa = PBXShellScriptBuildPhase;
			buildActionMask = 2147483647;
			files = (
			);
			inputFileListPaths = (
			);
			inputPaths = (
				"${PODS_PODFILE_DIR_PATH}/Podfile.lock",
				"${PODS_ROOT}/Manifest.lock",
			);
			name = "[CP] Check Pods Manifest.lock";
			outputFileListPaths = (
			);
			outputPaths = (
				"$(DERIVED_FILE_DIR)/Pods-Ed25519macOS-checkManifestLockResult.txt",
			);
			runOnlyForDeploymentPostprocessing = 0;
			shellPath = /bin/sh;
			shellScript = "diff \"${PODS_PODFILE_DIR_PATH}/Podfile.lock\" \"${PODS_ROOT}/Manifest.lock\" > /dev/null\nif [ $? != 0 ] ; then\n    # print error to STDERR\n    echo \"error: The sandbox is not in sync with the Podfile.lock. Run 'pod install' or update your CocoaPods installation.\" >&2\n    exit 1\nfi\n# This output is used by Xcode 'outputs' to avoid re-running this script phase.\necho \"SUCCESS\" > \"${SCRIPT_OUTPUT_FILE_0}\"\n";
			showEnvVarsInLog = 0;
		};
		D83001620E642C261017735D /* [CP] Check Pods Manifest.lock */ = {
			isa = PBXShellScriptBuildPhase;
			buildActionMask = 2147483647;
			files = (
			);
			inputFileListPaths = (
			);
			inputPaths = (
				"${PODS_PODFILE_DIR_PATH}/Podfile.lock",
				"${PODS_ROOT}/Manifest.lock",
			);
			name = "[CP] Check Pods Manifest.lock";
			outputFileListPaths = (
			);
			outputPaths = (
				"$(DERIVED_FILE_DIR)/Pods-Ed25519ref-checkManifestLockResult.txt",
			);
			runOnlyForDeploymentPostprocessing = 0;
			shellPath = /bin/sh;
			shellScript = "diff \"${PODS_PODFILE_DIR_PATH}/Podfile.lock\" \"${PODS_ROOT}/Manifest.lock\" > /dev/null\nif [ $? != 0 ] ; then\n    # print error to STDERR\n    echo \"error: The sandbox is not in sync with the Podfile.lock. Run 'pod install' or update your CocoaPods installation.\" >&2\n    exit 1\nfi\n# This output is used by Xcode 'outputs' to avoid re-running this script phase.\necho \"SUCCESS\" > \"${SCRIPT_OUTPUT_FILE_0}\"\n";
			showEnvVarsInLog = 0;
		};
		EE0E9B257E40736EB2528F35 /* [CP] Check Pods Manifest.lock */ = {
			isa = PBXShellScriptBuildPhase;
			buildActionMask = 2147483647;
			files = (
			);
			inputFileListPaths = (
			);
			inputPaths = (
				"${PODS_PODFILE_DIR_PATH}/Podfile.lock",
				"${PODS_ROOT}/Manifest.lock",
			);
			name = "[CP] Check Pods Manifest.lock";
			outputFileListPaths = (
			);
			outputPaths = (
				"$(DERIVED_FILE_DIR)/Pods-Ed25519macOSTests-checkManifestLockResult.txt",
			);
			runOnlyForDeploymentPostprocessing = 0;
			shellPath = /bin/sh;
			shellScript = "diff \"${PODS_PODFILE_DIR_PATH}/Podfile.lock\" \"${PODS_ROOT}/Manifest.lock\" > /dev/null\nif [ $? != 0 ] ; then\n    # print error to STDERR\n    echo \"error: The sandbox is not in sync with the Podfile.lock. Run 'pod install' or update your CocoaPods installation.\" >&2\n    exit 1\nfi\n# This output is used by Xcode 'outputs' to avoid re-running this script phase.\necho \"SUCCESS\" > \"${SCRIPT_OUTPUT_FILE_0}\"\n";
			showEnvVarsInLog = 0;
		};
/* End PBXShellScriptBuildPhase section */

/* Begin PBXSourcesBuildPhase section */
		A2141914223FF56D00FE28F8 /* Sources */ = {
			isa = PBXSourcesBuildPhase;
			buildActionMask = 2147483647;
			files = (
				A2141933223FF78200FE28F8 /* Ed25519macOSTests.swift in Sources */,
			);
			runOnlyForDeploymentPostprocessing = 0;
		};
		A2141923223FF6B100FE28F8 /* Sources */ = {
			isa = PBXSourcesBuildPhase;
			buildActionMask = 2147483647;
			files = (
				A214192A223FF6B100FE28F8 /* Ed25519macOSTests.swift in Sources */,
			);
			runOnlyForDeploymentPostprocessing = 0;
		};
		A22303631FD5700000CA0FE8 /* Sources */ = {
			isa = PBXSourcesBuildPhase;
			buildActionMask = 2147483647;
			files = (
				A22303721FD5701E00CA0FE8 /* ed25519_utility.swift in Sources */,
				A22303731FD5701E00CA0FE8 /* ed25519_fe.swift in Sources */,
				A22303741FD5701E00CA0FE8 /* ed25519_ge.swift in Sources */,
				A22303751FD5701E00CA0FE8 /* ed25519_sc.swift in Sources */,
				A22303761FD5701E00CA0FE8 /* ed25519_sign.swift in Sources */,
				A22303771FD5701E00CA0FE8 /* ed25519_open.swift in Sources */,
			);
			runOnlyForDeploymentPostprocessing = 0;
		};
		A241E4F01F91AB11003C435B /* Sources */ = {
			isa = PBXSourcesBuildPhase;
			buildActionMask = 2147483647;
			files = (
				A294FA071F91B0CA00923D2C /* keypair.c in Sources */,
				A294FA081F91B0D000923D2C /* open.c in Sources */,
				A241E50E1F91AB3E003C435B /* Ed25519s.swift in Sources */,
				A294FA061F91B0C400923D2C /* ge25519.cpp in Sources */,
				A241E50C1F91AB3E003C435B /* BigInt+Extension.swift in Sources */,
				A294FA091F91B0D400923D2C /* sc25519.c in Sources */,
				A294FA141F91D03700923D2C /* ed25519_utility.swift in Sources */,
				A294FA0A1F91B0D800923D2C /* sign.c in Sources */,
				A294FA051F91B0C000923D2C /* fe25519.c in Sources */,
				A294FA0B1F91B0DC00923D2C /* hash_sha512.c in Sources */,
				A294FA0C1F91B0E000923D2C /* verify.c in Sources */,
				A294FA131F91CF5C00923D2C /* Summable.swift in Sources */,
			);
			runOnlyForDeploymentPostprocessing = 0;
		};
		A241E4F91F91AB11003C435B /* Sources */ = {
			isa = PBXSourcesBuildPhase;
			buildActionMask = 2147483647;
			files = (
				A294FA0D1F91B18100923D2C /* ref_test.m in Sources */,
				A241E50F1F91AB4E003C435B /* BigInt+ExtensionTests.swift in Sources */,
				A241E5031F91AB11003C435B /* Ed25519refTests.swift in Sources */,
				A294FA181F91D67800923D2C /* Ed25519sTests.swift in Sources */,
			);
			runOnlyForDeploymentPostprocessing = 0;
		};
		A26376851ECF280700EDC62D /* Sources */ = {
			isa = PBXSourcesBuildPhase;
			buildActionMask = 2147483647;
			files = (
				A241E5101F91AB81003C435B /* ed25519_utility.swift in Sources */,
				A27AECAA1ED094E100A1B09F /* ed25519_sc.swift in Sources */,
				A27AECA71ED084B100A1B09F /* ed25519_ge.swift in Sources */,
				A27AECAD1ED09ECA00A1B09F /* ed25519_sign.swift in Sources */,
				A27AECA41ED083E000A1B09F /* ed25519_fe.swift in Sources */,
				A29895CB1F91A06F000D8206 /* ed25519_open.swift in Sources */,
			);
			runOnlyForDeploymentPostprocessing = 0;
		};
/* End PBXSourcesBuildPhase section */

/* Begin PBXTargetDependency section */
		A214191F223FF56D00FE28F8 /* PBXTargetDependency */ = {
			isa = PBXTargetDependency;
			target = A22303671FD5700000CA0FE8 /* Ed25519iOS */;
			targetProxy = A214191E223FF56D00FE28F8 /* PBXContainerItemProxy */;
		};
		A214192E223FF6B100FE28F8 /* PBXTargetDependency */ = {
			isa = PBXTargetDependency;
			target = A26376891ECF280700EDC62D /* Ed25519macOS */;
			targetProxy = A214192D223FF6B100FE28F8 /* PBXContainerItemProxy */;
		};
		A241E5001F91AB11003C435B /* PBXTargetDependency */ = {
			isa = PBXTargetDependency;
			target = A241E4F41F91AB11003C435B /* Ed25519ref */;
			targetProxy = A241E4FF1F91AB11003C435B /* PBXContainerItemProxy */;
		};
/* End PBXTargetDependency section */

/* Begin XCBuildConfiguration section */
		A2141921223FF56D00FE28F8 /* Debug */ = {
			isa = XCBuildConfiguration;
			baseConfigurationReference = F0A4B17BF84636574619F6E0 /* Pods-Ed25519iOSTests.debug.xcconfig */;
			buildSettings = {
				CLANG_CXX_LANGUAGE_STANDARD = "gnu++14";
				CLANG_ENABLE_OBJC_WEAK = YES;
				CLANG_WARN_DEPRECATED_OBJC_IMPLEMENTATIONS = YES;
				CLANG_WARN_OBJC_IMPLICIT_RETAIN_SELF = YES;
				CLANG_WARN_UNGUARDED_AVAILABILITY = YES_AGGRESSIVE;
				CODE_SIGN_IDENTITY = "iPhone Developer";
				CODE_SIGN_STYLE = Automatic;
				GCC_C_LANGUAGE_STANDARD = gnu11;
				INFOPLIST_FILE = Ed25519iOSTests/Info.plist;
				IPHONEOS_DEPLOYMENT_TARGET = 12.1;
				LD_RUNPATH_SEARCH_PATHS = "$(inherited) @executable_path/Frameworks @loader_path/Frameworks";
				MTL_ENABLE_DEBUG_INFO = INCLUDE_SOURCE;
				MTL_FAST_MATH = YES;
				PRODUCT_BUNDLE_IDENTIFIER = com.pebble8888.Ed25519iOSTests;
				PRODUCT_NAME = "$(TARGET_NAME)";
				SDKROOT = iphoneos;
				SWIFT_VERSION = 4.2;
				TARGETED_DEVICE_FAMILY = "1,2";
			};
			name = Debug;
		};
		A2141922223FF56D00FE28F8 /* Release */ = {
			isa = XCBuildConfiguration;
			baseConfigurationReference = EABCA32E3E9DF1BB26E56133 /* Pods-Ed25519iOSTests.release.xcconfig */;
			buildSettings = {
				CLANG_CXX_LANGUAGE_STANDARD = "gnu++14";
				CLANG_ENABLE_OBJC_WEAK = YES;
				CLANG_WARN_DEPRECATED_OBJC_IMPLEMENTATIONS = YES;
				CLANG_WARN_OBJC_IMPLICIT_RETAIN_SELF = YES;
				CLANG_WARN_UNGUARDED_AVAILABILITY = YES_AGGRESSIVE;
				CODE_SIGN_IDENTITY = "iPhone Developer";
				CODE_SIGN_STYLE = Automatic;
				GCC_C_LANGUAGE_STANDARD = gnu11;
				INFOPLIST_FILE = Ed25519iOSTests/Info.plist;
				IPHONEOS_DEPLOYMENT_TARGET = 12.1;
				LD_RUNPATH_SEARCH_PATHS = "$(inherited) @executable_path/Frameworks @loader_path/Frameworks";
				MTL_FAST_MATH = YES;
				PRODUCT_BUNDLE_IDENTIFIER = com.pebble8888.Ed25519iOSTests;
				PRODUCT_NAME = "$(TARGET_NAME)";
				SDKROOT = iphoneos;
				SWIFT_VERSION = 4.2;
				TARGETED_DEVICE_FAMILY = "1,2";
			};
			name = Release;
		};
		A2141930223FF6B100FE28F8 /* Debug */ = {
			isa = XCBuildConfiguration;
			baseConfigurationReference = 9A0245A0F5D0145DBF1FB2F8 /* Pods-Ed25519macOSTests.debug.xcconfig */;
			buildSettings = {
				CLANG_CXX_LANGUAGE_STANDARD = "gnu++14";
				CLANG_ENABLE_OBJC_WEAK = YES;
				CLANG_WARN_DEPRECATED_OBJC_IMPLEMENTATIONS = YES;
				CLANG_WARN_OBJC_IMPLICIT_RETAIN_SELF = YES;
				CLANG_WARN_UNGUARDED_AVAILABILITY = YES_AGGRESSIVE;
				CODE_SIGN_IDENTITY = "-";
				CODE_SIGN_STYLE = Automatic;
				COMBINE_HIDPI_IMAGES = YES;
				GCC_C_LANGUAGE_STANDARD = gnu11;
				INFOPLIST_FILE = Ed25519macOSTests/Info.plist;
				LD_RUNPATH_SEARCH_PATHS = "$(inherited) @executable_path/../Frameworks @loader_path/../Frameworks";
				MACOSX_DEPLOYMENT_TARGET = 10.14;
				MTL_ENABLE_DEBUG_INFO = INCLUDE_SOURCE;
				MTL_FAST_MATH = YES;
				PRODUCT_BUNDLE_IDENTIFIER = com.pebble8888.Ed25519macOSTests;
				PRODUCT_NAME = "$(TARGET_NAME)";
				SWIFT_VERSION = 4.2;
			};
			name = Debug;
		};
		A2141931223FF6B100FE28F8 /* Release */ = {
			isa = XCBuildConfiguration;
			baseConfigurationReference = 7B009BFE455C0C1F4BFC7B19 /* Pods-Ed25519macOSTests.release.xcconfig */;
			buildSettings = {
				CLANG_CXX_LANGUAGE_STANDARD = "gnu++14";
				CLANG_ENABLE_OBJC_WEAK = YES;
				CLANG_WARN_DEPRECATED_OBJC_IMPLEMENTATIONS = YES;
				CLANG_WARN_OBJC_IMPLICIT_RETAIN_SELF = YES;
				CLANG_WARN_UNGUARDED_AVAILABILITY = YES_AGGRESSIVE;
				CODE_SIGN_IDENTITY = "-";
				CODE_SIGN_STYLE = Automatic;
				COMBINE_HIDPI_IMAGES = YES;
				GCC_C_LANGUAGE_STANDARD = gnu11;
				INFOPLIST_FILE = Ed25519macOSTests/Info.plist;
				LD_RUNPATH_SEARCH_PATHS = "$(inherited) @executable_path/../Frameworks @loader_path/../Frameworks";
				MACOSX_DEPLOYMENT_TARGET = 10.14;
				MTL_FAST_MATH = YES;
				PRODUCT_BUNDLE_IDENTIFIER = com.pebble8888.Ed25519macOSTests;
				PRODUCT_NAME = "$(TARGET_NAME)";
				SWIFT_VERSION = 4.2;
			};
			name = Release;
		};
		A223036D1FD5700000CA0FE8 /* Debug */ = {
			isa = XCBuildConfiguration;
			baseConfigurationReference = 94982B8618239A981C25F502 /* Pods-Ed25519iOS.debug.xcconfig */;
			buildSettings = {
				CLANG_CXX_LANGUAGE_STANDARD = "gnu++14";
				CLANG_WARN_UNGUARDED_AVAILABILITY = YES_AGGRESSIVE;
				CODE_SIGN_IDENTITY = "iPhone Developer";
				CODE_SIGN_STYLE = Automatic;
				DEFINES_MODULE = YES;
				DYLIB_COMPATIBILITY_VERSION = 1;
				DYLIB_CURRENT_VERSION = 1;
				DYLIB_INSTALL_NAME_BASE = "@rpath";
				GCC_C_LANGUAGE_STANDARD = gnu11;
				INFOPLIST_FILE = Ed25519iOS/Info.plist;
				INSTALL_PATH = "$(LOCAL_LIBRARY_DIR)/Frameworks";
				IPHONEOS_DEPLOYMENT_TARGET = 11.4;
				LD_RUNPATH_SEARCH_PATHS = "$(inherited) @executable_path/Frameworks";
				PRODUCT_BUNDLE_IDENTIFIER = com.pebble8888.Ed25519iOS;
				PRODUCT_NAME = "$(TARGET_NAME:c99extidentifier)";
				SDKROOT = iphoneos;
				SKIP_INSTALL = YES;
				SWIFT_VERSION = 4.0;
				TARGETED_DEVICE_FAMILY = "1,2";
			};
			name = Debug;
		};
		A223036E1FD5700000CA0FE8 /* Release */ = {
			isa = XCBuildConfiguration;
			baseConfigurationReference = AB90314FB65A1783DDB2B931 /* Pods-Ed25519iOS.release.xcconfig */;
			buildSettings = {
				CLANG_CXX_LANGUAGE_STANDARD = "gnu++14";
				CLANG_WARN_UNGUARDED_AVAILABILITY = YES_AGGRESSIVE;
				CODE_SIGN_IDENTITY = "iPhone Developer";
				CODE_SIGN_STYLE = Automatic;
				DEFINES_MODULE = YES;
				DYLIB_COMPATIBILITY_VERSION = 1;
				DYLIB_CURRENT_VERSION = 1;
				DYLIB_INSTALL_NAME_BASE = "@rpath";
				ENABLE_TESTABILITY = YES;
				GCC_C_LANGUAGE_STANDARD = gnu11;
				INFOPLIST_FILE = Ed25519iOS/Info.plist;
				INSTALL_PATH = "$(LOCAL_LIBRARY_DIR)/Frameworks";
				IPHONEOS_DEPLOYMENT_TARGET = 11.4;
				LD_RUNPATH_SEARCH_PATHS = "$(inherited) @executable_path/Frameworks";
				PRODUCT_BUNDLE_IDENTIFIER = com.pebble8888.Ed25519iOS;
				PRODUCT_NAME = "$(TARGET_NAME:c99extidentifier)";
				SDKROOT = iphoneos;
				SKIP_INSTALL = YES;
				SWIFT_VERSION = 4.0;
				TARGETED_DEVICE_FAMILY = "1,2";
			};
			name = Release;
		};
		A241E5071F91AB11003C435B /* Debug */ = {
			isa = XCBuildConfiguration;
			baseConfigurationReference = 7BF502FD3A7A43AF45359CEE /* Pods-Ed25519ref.debug.xcconfig */;
			buildSettings = {
				CLANG_CXX_LANGUAGE_STANDARD = "gnu++14";
				CLANG_WARN_UNGUARDED_AVAILABILITY = YES_AGGRESSIVE;
				CODE_SIGN_IDENTITY = "-";
				CODE_SIGN_STYLE = Automatic;
				COMBINE_HIDPI_IMAGES = YES;
				DEFINES_MODULE = YES;
				DYLIB_COMPATIBILITY_VERSION = 1;
				DYLIB_CURRENT_VERSION = 1;
				DYLIB_INSTALL_NAME_BASE = "@rpath";
				FRAMEWORK_VERSION = A;
				GCC_C_LANGUAGE_STANDARD = gnu11;
				INFOPLIST_FILE = Ed25519ref/Info.plist;
				INSTALL_PATH = "$(LOCAL_LIBRARY_DIR)/Frameworks";
				LD_RUNPATH_SEARCH_PATHS = "$(inherited) @executable_path/Frameworks";
				PRODUCT_BUNDLE_IDENTIFIER = com.pebble8888.Ed25519ref;
				PRODUCT_NAME = "$(TARGET_NAME:c99extidentifier)";
				SKIP_INSTALL = YES;
				SWIFT_VERSION = 4.0;
			};
			name = Debug;
		};
		A241E5081F91AB11003C435B /* Release */ = {
			isa = XCBuildConfiguration;
			baseConfigurationReference = 78EBA250EBA73CECA96EC5DA /* Pods-Ed25519ref.release.xcconfig */;
			buildSettings = {
				CLANG_CXX_LANGUAGE_STANDARD = "gnu++14";
				CLANG_WARN_UNGUARDED_AVAILABILITY = YES_AGGRESSIVE;
				CODE_SIGN_IDENTITY = "-";
				CODE_SIGN_STYLE = Automatic;
				COMBINE_HIDPI_IMAGES = YES;
				DEFINES_MODULE = YES;
				DYLIB_COMPATIBILITY_VERSION = 1;
				DYLIB_CURRENT_VERSION = 1;
				DYLIB_INSTALL_NAME_BASE = "@rpath";
				ENABLE_TESTABILITY = YES;
				FRAMEWORK_VERSION = A;
				GCC_C_LANGUAGE_STANDARD = gnu11;
				INFOPLIST_FILE = Ed25519ref/Info.plist;
				INSTALL_PATH = "$(LOCAL_LIBRARY_DIR)/Frameworks";
				LD_RUNPATH_SEARCH_PATHS = "$(inherited) @executable_path/Frameworks";
				PRODUCT_BUNDLE_IDENTIFIER = com.pebble8888.Ed25519ref;
				PRODUCT_NAME = "$(TARGET_NAME:c99extidentifier)";
				SKIP_INSTALL = YES;
				SWIFT_VERSION = 4.0;
			};
			name = Release;
		};
		A241E50A1F91AB11003C435B /* Debug */ = {
			isa = XCBuildConfiguration;
			baseConfigurationReference = 58663BA59A336879460914C4 /* Pods-Ed25519refTests.debug.xcconfig */;
			buildSettings = {
				ALWAYS_EMBED_SWIFT_STANDARD_LIBRARIES = YES;
				CLANG_CXX_LANGUAGE_STANDARD = "gnu++14";
				CLANG_WARN_UNGUARDED_AVAILABILITY = YES_AGGRESSIVE;
				CODE_SIGN_IDENTITY = "-";
				CODE_SIGN_STYLE = Automatic;
				COMBINE_HIDPI_IMAGES = YES;
				GCC_C_LANGUAGE_STANDARD = gnu11;
				INFOPLIST_FILE = Ed25519refTests/Info.plist;
				LD_RUNPATH_SEARCH_PATHS = "$(inherited) @executable_path/Frameworks";
				PRODUCT_BUNDLE_IDENTIFIER = com.pebble8888.Ed25519refTests;
				PRODUCT_NAME = "$(TARGET_NAME)";
				SWIFT_VERSION = 4.0;
			};
			name = Debug;
		};
		A241E50B1F91AB11003C435B /* Release */ = {
			isa = XCBuildConfiguration;
			baseConfigurationReference = B2B4DBA94232723883E0659C /* Pods-Ed25519refTests.release.xcconfig */;
			buildSettings = {
				ALWAYS_EMBED_SWIFT_STANDARD_LIBRARIES = YES;
				CLANG_CXX_LANGUAGE_STANDARD = "gnu++14";
				CLANG_WARN_UNGUARDED_AVAILABILITY = YES_AGGRESSIVE;
				CODE_SIGN_IDENTITY = "-";
				CODE_SIGN_STYLE = Automatic;
				COMBINE_HIDPI_IMAGES = YES;
				GCC_C_LANGUAGE_STANDARD = gnu11;
				INFOPLIST_FILE = Ed25519refTests/Info.plist;
				LD_RUNPATH_SEARCH_PATHS = "$(inherited) @executable_path/Frameworks";
				PRODUCT_BUNDLE_IDENTIFIER = com.pebble8888.Ed25519refTests;
				PRODUCT_NAME = "$(TARGET_NAME)";
				SWIFT_VERSION = 4.0;
			};
			name = Release;
		};
		A24C40F01EC71DA300B24AAF /* Debug */ = {
			isa = XCBuildConfiguration;
			buildSettings = {
				ALWAYS_EMBED_SWIFT_STANDARD_LIBRARIES = YES;
				ALWAYS_SEARCH_USER_PATHS = NO;
				CLANG_ANALYZER_NONNULL = YES;
				CLANG_ANALYZER_NUMBER_OBJECT_CONVERSION = YES_AGGRESSIVE;
				CLANG_CXX_LANGUAGE_STANDARD = "gnu++0x";
				CLANG_CXX_LIBRARY = "libc++";
				CLANG_ENABLE_MODULES = YES;
				CLANG_ENABLE_OBJC_ARC = YES;
				CLANG_WARN_BLOCK_CAPTURE_AUTORELEASING = YES;
				CLANG_WARN_BOOL_CONVERSION = YES;
				CLANG_WARN_COMMA = YES;
				CLANG_WARN_CONSTANT_CONVERSION = YES;
				CLANG_WARN_DIRECT_OBJC_ISA_USAGE = YES_ERROR;
				CLANG_WARN_DOCUMENTATION_COMMENTS = YES;
				CLANG_WARN_EMPTY_BODY = YES;
				CLANG_WARN_ENUM_CONVERSION = YES;
				CLANG_WARN_INFINITE_RECURSION = YES;
				CLANG_WARN_INT_CONVERSION = YES;
				CLANG_WARN_NON_LITERAL_NULL_CONVERSION = YES;
				CLANG_WARN_OBJC_LITERAL_CONVERSION = YES;
				CLANG_WARN_OBJC_ROOT_CLASS = YES_ERROR;
				CLANG_WARN_RANGE_LOOP_ANALYSIS = YES;
				CLANG_WARN_STRICT_PROTOTYPES = YES;
				CLANG_WARN_SUSPICIOUS_MOVE = YES;
				CLANG_WARN_UNREACHABLE_CODE = YES;
				CLANG_WARN__DUPLICATE_METHOD_MATCH = YES;
				"CODE_SIGN_IDENTITY[sdk=iphoneos*]" = "iPhone Developer";
				COPY_PHASE_STRIP = NO;
				CURRENT_PROJECT_VERSION = 1;
				DEBUG_INFORMATION_FORMAT = dwarf;
				ENABLE_STRICT_OBJC_MSGSEND = YES;
				ENABLE_TESTABILITY = YES;
				GCC_C_LANGUAGE_STANDARD = gnu99;
				GCC_DYNAMIC_NO_PIC = NO;
				GCC_NO_COMMON_BLOCKS = YES;
				GCC_OPTIMIZATION_LEVEL = 0;
				GCC_PREPROCESSOR_DEFINITIONS = (
					"DEBUG=1",
					"$(inherited)",
				);
				GCC_WARN_64_TO_32_BIT_CONVERSION = YES;
				GCC_WARN_ABOUT_RETURN_TYPE = YES_ERROR;
				GCC_WARN_UNDECLARED_SELECTOR = YES;
				GCC_WARN_UNINITIALIZED_AUTOS = YES_AGGRESSIVE;
				GCC_WARN_UNUSED_FUNCTION = YES;
				GCC_WARN_UNUSED_VARIABLE = YES;
				IPHONEOS_DEPLOYMENT_TARGET = 11.4;
				MACOSX_DEPLOYMENT_TARGET = 10.13;
				MTL_ENABLE_DEBUG_INFO = YES;
				ONLY_ACTIVE_ARCH = YES;
				OTHER_SWIFT_FLAGS = "-D NO_USE_CryptoSwift";
				SDKROOT = macosx;
				SWIFT_ACTIVE_COMPILATION_CONDITIONS = DEBUG;
				SWIFT_OPTIMIZATION_LEVEL = "-Onone";
				SWIFT_VERSION = 4.2;
				TARGETED_DEVICE_FAMILY = "1,2";
				VERSIONING_SYSTEM = "apple-generic";
				VERSION_INFO_PREFIX = "";
			};
			name = Debug;
		};
		A24C40F11EC71DA300B24AAF /* Release */ = {
			isa = XCBuildConfiguration;
			buildSettings = {
				ALWAYS_EMBED_SWIFT_STANDARD_LIBRARIES = YES;
				ALWAYS_SEARCH_USER_PATHS = NO;
				CLANG_ANALYZER_NONNULL = YES;
				CLANG_ANALYZER_NUMBER_OBJECT_CONVERSION = YES_AGGRESSIVE;
				CLANG_CXX_LANGUAGE_STANDARD = "gnu++0x";
				CLANG_CXX_LIBRARY = "libc++";
				CLANG_ENABLE_MODULES = YES;
				CLANG_ENABLE_OBJC_ARC = YES;
				CLANG_WARN_BLOCK_CAPTURE_AUTORELEASING = YES;
				CLANG_WARN_BOOL_CONVERSION = YES;
				CLANG_WARN_COMMA = YES;
				CLANG_WARN_CONSTANT_CONVERSION = YES;
				CLANG_WARN_DIRECT_OBJC_ISA_USAGE = YES_ERROR;
				CLANG_WARN_DOCUMENTATION_COMMENTS = YES;
				CLANG_WARN_EMPTY_BODY = YES;
				CLANG_WARN_ENUM_CONVERSION = YES;
				CLANG_WARN_INFINITE_RECURSION = YES;
				CLANG_WARN_INT_CONVERSION = YES;
				CLANG_WARN_NON_LITERAL_NULL_CONVERSION = YES;
				CLANG_WARN_OBJC_LITERAL_CONVERSION = YES;
				CLANG_WARN_OBJC_ROOT_CLASS = YES_ERROR;
				CLANG_WARN_RANGE_LOOP_ANALYSIS = YES;
				CLANG_WARN_STRICT_PROTOTYPES = YES;
				CLANG_WARN_SUSPICIOUS_MOVE = YES;
				CLANG_WARN_UNREACHABLE_CODE = YES;
				CLANG_WARN__DUPLICATE_METHOD_MATCH = YES;
				"CODE_SIGN_IDENTITY[sdk=iphoneos*]" = "iPhone Developer";
				COPY_PHASE_STRIP = NO;
				CURRENT_PROJECT_VERSION = 1;
				DEBUG_INFORMATION_FORMAT = "dwarf-with-dsym";
				ENABLE_NS_ASSERTIONS = NO;
				ENABLE_STRICT_OBJC_MSGSEND = YES;
				GCC_C_LANGUAGE_STANDARD = gnu99;
				GCC_NO_COMMON_BLOCKS = YES;
				GCC_WARN_64_TO_32_BIT_CONVERSION = YES;
				GCC_WARN_ABOUT_RETURN_TYPE = YES_ERROR;
				GCC_WARN_UNDECLARED_SELECTOR = YES;
				GCC_WARN_UNINITIALIZED_AUTOS = YES_AGGRESSIVE;
				GCC_WARN_UNUSED_FUNCTION = YES;
				GCC_WARN_UNUSED_VARIABLE = YES;
				IPHONEOS_DEPLOYMENT_TARGET = 11.4;
				MACOSX_DEPLOYMENT_TARGET = 10.13;
				MTL_ENABLE_DEBUG_INFO = NO;
				OTHER_SWIFT_FLAGS = "-D NO_USE_CryptoSwift";
				SDKROOT = macosx;
				SWIFT_OPTIMIZATION_LEVEL = "-Owholemodule";
				SWIFT_VERSION = 4.2;
				TARGETED_DEVICE_FAMILY = "1,2";
				VALIDATE_PRODUCT = YES;
				VERSIONING_SYSTEM = "apple-generic";
				VERSION_INFO_PREFIX = "";
			};
			name = Release;
		};
		A263769B1ECF280700EDC62D /* Debug */ = {
			isa = XCBuildConfiguration;
			baseConfigurationReference = FEDA153FF21CD178B237F427 /* Pods-Ed25519macOS.debug.xcconfig */;
			buildSettings = {
				CODE_SIGN_IDENTITY = "-";
				COMBINE_HIDPI_IMAGES = YES;
				DEFINES_MODULE = YES;
				DYLIB_COMPATIBILITY_VERSION = 1;
				DYLIB_CURRENT_VERSION = 1;
				DYLIB_INSTALL_NAME_BASE = "@rpath";
				FRAMEWORK_VERSION = A;
				INFOPLIST_FILE = Ed25519macOS/Info.plist;
				INSTALL_PATH = "$(LOCAL_LIBRARY_DIR)/Frameworks";
				LD_RUNPATH_SEARCH_PATHS = "$(inherited)";
				LIBRARY_SEARCH_PATHS = (
					"$(inherited)",
					"$(SDKROOT)/usr/lib/system",
				);
				MACOSX_DEPLOYMENT_TARGET = 10.11;
				PRODUCT_BUNDLE_IDENTIFIER = pebble8888.Ed25519macOS;
				PRODUCT_NAME = "$(TARGET_NAME)";
				SDKROOT = macosx;
				SKIP_INSTALL = YES;
				SWIFT_INCLUDE_PATHS = "";
				SWIFT_SWIFT3_OBJC_INFERENCE = Default;
				SWIFT_VERSION = 4.2;
			};
			name = Debug;
		};
		A263769C1ECF280700EDC62D /* Release */ = {
			isa = XCBuildConfiguration;
			baseConfigurationReference = 30A79FEA9B3244AF61EE9EDB /* Pods-Ed25519macOS.release.xcconfig */;
			buildSettings = {
				CODE_SIGN_IDENTITY = "-";
				COMBINE_HIDPI_IMAGES = YES;
				DEFINES_MODULE = YES;
				DYLIB_COMPATIBILITY_VERSION = 1;
				DYLIB_CURRENT_VERSION = 1;
				DYLIB_INSTALL_NAME_BASE = "@rpath";
				ENABLE_TESTABILITY = YES;
				FRAMEWORK_VERSION = A;
				INFOPLIST_FILE = Ed25519macOS/Info.plist;
				INSTALL_PATH = "$(LOCAL_LIBRARY_DIR)/Frameworks";
				LD_RUNPATH_SEARCH_PATHS = "$(inherited)";
				LIBRARY_SEARCH_PATHS = (
					"$(inherited)",
					"$(SDKROOT)/usr/lib/system",
				);
				MACOSX_DEPLOYMENT_TARGET = 10.11;
				PRODUCT_BUNDLE_IDENTIFIER = pebble8888.Ed25519macOS;
				PRODUCT_NAME = "$(TARGET_NAME)";
				SDKROOT = macosx;
				SKIP_INSTALL = YES;
				SWIFT_INCLUDE_PATHS = "";
				SWIFT_SWIFT3_OBJC_INFERENCE = Default;
				SWIFT_VERSION = 4.2;
			};
			name = Release;
		};
/* End XCBuildConfiguration section */

/* Begin XCConfigurationList section */
		A2141920223FF56D00FE28F8 /* Build configuration list for PBXNativeTarget "Ed25519iOSTests" */ = {
			isa = XCConfigurationList;
			buildConfigurations = (
				A2141921223FF56D00FE28F8 /* Debug */,
				A2141922223FF56D00FE28F8 /* Release */,
			);
			defaultConfigurationIsVisible = 0;
			defaultConfigurationName = Release;
		};
		A214192F223FF6B100FE28F8 /* Build configuration list for PBXNativeTarget "Ed25519macOSTests" */ = {
			isa = XCConfigurationList;
			buildConfigurations = (
				A2141930223FF6B100FE28F8 /* Debug */,
				A2141931223FF6B100FE28F8 /* Release */,
			);
			defaultConfigurationIsVisible = 0;
			defaultConfigurationName = Release;
		};
		A223036F1FD5700000CA0FE8 /* Build configuration list for PBXNativeTarget "Ed25519iOS" */ = {
			isa = XCConfigurationList;
			buildConfigurations = (
				A223036D1FD5700000CA0FE8 /* Debug */,
				A223036E1FD5700000CA0FE8 /* Release */,
			);
			defaultConfigurationIsVisible = 0;
			defaultConfigurationName = Release;
		};
		A241E5061F91AB11003C435B /* Build configuration list for PBXNativeTarget "Ed25519ref" */ = {
			isa = XCConfigurationList;
			buildConfigurations = (
				A241E5071F91AB11003C435B /* Debug */,
				A241E5081F91AB11003C435B /* Release */,
			);
			defaultConfigurationIsVisible = 0;
			defaultConfigurationName = Release;
		};
		A241E5091F91AB11003C435B /* Build configuration list for PBXNativeTarget "Ed25519refTests" */ = {
			isa = XCConfigurationList;
			buildConfigurations = (
				A241E50A1F91AB11003C435B /* Debug */,
				A241E50B1F91AB11003C435B /* Release */,
			);
			defaultConfigurationIsVisible = 0;
			defaultConfigurationName = Release;
		};
		A24C40D81EC71DA200B24AAF /* Build configuration list for PBXProject "Ed25519" */ = {
			isa = XCConfigurationList;
			buildConfigurations = (
				A24C40F01EC71DA300B24AAF /* Debug */,
				A24C40F11EC71DA300B24AAF /* Release */,
			);
			defaultConfigurationIsVisible = 0;
			defaultConfigurationName = Release;
		};
		A263769F1ECF280700EDC62D /* Build configuration list for PBXNativeTarget "Ed25519macOS" */ = {
			isa = XCConfigurationList;
			buildConfigurations = (
				A263769B1ECF280700EDC62D /* Debug */,
				A263769C1ECF280700EDC62D /* Release */,
			);
			defaultConfigurationIsVisible = 0;
			defaultConfigurationName = Release;
		};
/* End XCConfigurationList section */
	};
	rootObject = A24C40D51EC71DA200B24AAF /* Project object */;
}
